{
  "name": "backend",
  "lockfileVersion": 2,
  "requires": true,
  "packages": {
    "": {
      "dependencies": {
        "country-flag-icons": "^1.4.21"
      }
    },
    "node_modules/country-flag-icons": {
      "version": "1.4.21",
      "resolved": "https://registry.npmjs.org/country-flag-icons/-/country-flag-icons-1.4.21.tgz",
      "integrity": "sha512-bA9jDr+T5li7EsKdDx0xVnO0bdMdoT8IA3BNbeT2XSWUygR1okhiZ2+eYiC1EKLrFZhI4aEHni2w03lUlOjogg=="
    }
  },
  "dependencies": {
    "country-flag-icons": {
      "version": "1.4.21",
      "resolved": "https://registry.npmjs.org/country-flag-icons/-/country-flag-icons-1.4.21.tgz",
      "integrity": "sha512-bA9jDr+T5li7EsKdDx0xVnO0bdMdoT8IA3BNbeT2XSWUygR1okhiZ2+eYiC1EKLrFZhI4aEHni2w03lUlOjogg=="
    }
  }
}
